
Microsoft Visual Studio Solution File, Format Version 12.00
# Visual Studio Version 16
VisualStudioVersion = 16.0.29820.132
MinimumVisualStudioVersion = 10.0.40219.1
Project("{FAE04EC0-301F-11D3-BF4B-00C04F79EFBC}") = "Synergy", "Synergy.csproj", "{0457357B-0A1A-4223-B190-647FBFBB91F9}"
EndProject
Global
	GlobalSection(SolutionConfigurationPlatforms) = preSolution
		Debug|Any CPU = Debug|Any CPU
		Release|Any CPU = Release|Any CPU
	EndGlobalSection
	GlobalSection(ProjectConfigurationPlatforms) = postSolution
		{0457357B-0A1A-4223-B190-647FBFBB91F9}.Debug|Any CPU.ActiveCfg = Debug|Any CPU
		{0457357B-0A1A-4223-B190-647FBFBB91F9}.Debug|Any CPU.Build.0 = Debug|Any CPU
		{0457357B-0A1A-4223-B190-647FBFBB91F9}.Release|Any CPU.ActiveCfg = Release|Any CPU
		{0457357B-0A1A-4223-B190-647FBFBB91F9}.Release|Any CPU.Build.0 = Release|Any CPU
	EndGlobalSection
	GlobalSection(SolutionProperties) = preSolution
		HideSolutionNode = FALSE
	EndGlobalSection
	GlobalSection(ExtensibilityGlobals) = postSolution
		SolutionGuid = {C235BA8E-BCF7-4D0A-9B30-0AB2A844F0A2}
	EndGlobalSection
EndGlobal
